
Microsoft Visual Studio Solution File, Format Version 12.00
# Visual Studio Version 17
VisualStudioVersion = 17.3.32825.248
MinimumVisualStudioVersion = 10.0.40219.1
Project("{FAE04EC0-301F-11D3-BF4B-00C04F79EFBC}") = "NOTE", "NOTE\NOTE.csproj", "{8638F2EB-F8A8-4BBA-A167-C26D8FAF69C1}"
EndProject
Global
	GlobalSection(SolutionConfigurationPlatforms) = preSolution
		Debug|Any CPU = Debug|Any CPU
		Release|Any CPU = Release|Any CPU
	EndGlobalSection
	GlobalSection(ProjectConfigurationPlatforms) = postSolution
		{8638F2EB-F8A8-4BBA-A167-C26D8FAF69C1}.Debug|Any CPU.ActiveCfg = Debug|Any CPU
		{8638F2EB-F8A8-4BBA-A167-C26D8FAF69C1}.Debug|Any CPU.Build.0 = Debug|Any CPU
		{8638F2EB-F8A8-4BBA-A167-C26D8FAF69C1}.Release|Any CPU.ActiveCfg = Release|Any CPU
		{8638F2EB-F8A8-4BBA-A167-C26D8FAF69C1}.Release|Any CPU.Build.0 = Release|Any CPU
	EndGlobalSection
	GlobalSection(SolutionProperties) = preSolution
		HideSolutionNode = FALSE
	EndGlobalSection
	GlobalSection(ExtensibilityGlobals) = postSolution
		SolutionGuid = {0938CFFC-A6CD-4A7A-836D-579AF3DC0CEA}
	EndGlobalSection
EndGlobal
